
Microsoft Visual Studio Solution File, Format Version 12.00
# Visual Studio 14
VisualStudioVersion = 14.0.23107.0
MinimumVisualStudioVersion = 10.0.40219.1
Project("{FAE04EC0-301F-11D3-BF4B-00C04F79EFBC}") = "ProgAssign1", "ProgAssign1\ProgAssign1.csproj", "{2D0F25EE-21F7-4F69-9BCB-2091A52D0CE2}"
EndProject
Project("{FAE04EC0-301F-11D3-BF4B-00C04F79EFBC}") = "Lecturer", "Lecturer\Lecturer.csproj", "{F6E4A066-9BC3-452F-BCA7-DFEEC45CCB8F}"
EndProject
Global
	GlobalSection(SolutionConfigurationPlatforms) = preSolution
		Debug|Any CPU = Debug|Any CPU
		Release|Any CPU = Release|Any CPU
	EndGlobalSection
	GlobalSection(ProjectConfigurationPlatforms) = postSolution
		{2D0F25EE-21F7-4F69-9BCB-2091A52D0CE2}.Debug|Any CPU.ActiveCfg = Debug|Any CPU
		{2D0F25EE-21F7-4F69-9BCB-2091A52D0CE2}.Debug|Any CPU.Build.0 = Debug|Any CPU
		{2D0F25EE-21F7-4F69-9BCB-2091A52D0CE2}.Release|Any CPU.ActiveCfg = Release|Any CPU
		{2D0F25EE-21F7-4F69-9BCB-2091A52D0CE2}.Release|Any CPU.Build.0 = Release|Any CPU
		{F6E4A066-9BC3-452F-BCA7-DFEEC45CCB8F}.Debug|Any CPU.ActiveCfg = Debug|Any CPU
		{F6E4A066-9BC3-452F-BCA7-DFEEC45CCB8F}.Debug|Any CPU.Build.0 = Debug|Any CPU
		{F6E4A066-9BC3-452F-BCA7-DFEEC45CCB8F}.Release|Any CPU.ActiveCfg = Release|Any CPU
		{F6E4A066-9BC3-452F-BCA7-DFEEC45CCB8F}.Release|Any CPU.Build.0 = Release|Any CPU
	EndGlobalSection
	GlobalSection(SolutionProperties) = preSolution
		HideSolutionNode = FALSE
	EndGlobalSection
EndGlobal
